github.com/echojc/aocutil v0.0.0-20211125040159-e71bcb34f68f h1:IVbDKHoZJYB6lLU18+5ZsHPeTzr4AmrJMrGd7y8FogY=
github.com/echojc/aocutil v0.0.0-20211125040159-e71bcb34f68f/go.mod h1:rNP1uUTizLNEwInSxs+oNsw+yBfHNhUg9y+kCI15MjQ=
golang.org/x/exp v0.0.0-20241108190413-2d47ceb2692f h1:XdNn9LlyWAhLVp6P/i8QYBW+hlyhrhei9uErw2B5GJo=
golang.org/x/exp v0.0.0-20241108190413-2d47ceb2692f/go.mod h1:D5SMRVC3C2/4+F/DB1wZsLRnSNimn2Sp/NPsCrsv8ak=
